
Microsoft Visual Studio Solution File, Format Version 12.00
# Visual Studio Version 17
VisualStudioVersion = 17.14.36518.9
MinimumVisualStudioVersion = 10.0.40219.1
Project("{2150E333-8FDC-42A3-9474-1A3956D46DE8}") = "Task0", "Task0", "{02EA681E-C7D8-13C7-8484-4AC65E1B71E8}"
EndProject
Project("{FAE04EC0-301F-11D3-BF4B-00C04F79EFBC}") = "Tyuiu.KuharonakSV.Sprint2.Task0.V16", "Tyuiu.KuharonakSV.Sprint2.Task0.V16\Tyuiu.KuharonakSV.Sprint2.Task0.V16.csproj", "{316C5E61-EE0D-408A-8305-E544BEAF0F84}"
EndProject
Project("{FAE04EC0-301F-11D3-BF4B-00C04F79EFBC}") = "Tyuiu.KuharonakSV.Sprint2.Task0.V16.Lib", "Tyuiu.KuharonakSV.Sprint2.Task0.V16.Lib\Tyuiu.KuharonakSV.Sprint2.Task0.V16.Lib.csproj", "{950606CD-3C24-4C26-B9E5-E7102BCD96EA}"
EndProject
Project("{FAE04EC0-301F-11D3-BF4B-00C04F79EFBC}") = "Tyuiu.KuharonakSV.Sprint2.Task0.V16.Test", "Tyuiu.KuharonakSV.Sprint2.Task0.V16.Test\Tyuiu.KuharonakSV.Sprint2.Task0.V16.Test.csproj", "{2B4A243A-6616-45AD-B5B8-1F1DCCB9A111}"
EndProject
Project("{2150E333-8FDC-42A3-9474-1A3956D46DE8}") = "Task1", "Task1", "{B770431E-C843-442D-AE2B-15C4776FAB13}"
EndProject
Project("{FAE04EC0-301F-11D3-BF4B-00C04F79EFBC}") = "Tyuiu.KuharonakSV.Sprint2.Task1.V26", "Tyuiu.KuharonakSV.Sprint2.Task1.V26\Tyuiu.KuharonakSV.Sprint2.Task1.V26.csproj", "{4DBB938E-BEBC-481A-9C9F-0C554219842F}"
EndProject
Project("{FAE04EC0-301F-11D3-BF4B-00C04F79EFBC}") = "Tyuiu.KuharonakSV.Sprint2.Task1.V26.Lib", "Tyuiu.KuharonakSV.Sprint2.Task1.V26.Lib\Tyuiu.KuharonakSV.Sprint2.Task1.V26.Lib.csproj", "{6BE65F91-0CF2-4CD8-8AC6-39A44D097B02}"
EndProject
Project("{FAE04EC0-301F-11D3-BF4B-00C04F79EFBC}") = "Tyuiu.KuharonakSV.Sprint2.Task1.V26.Test", "Tyuiu.KuharonakSV.Sprint2.Task1.V26.Test\Tyuiu.KuharonakSV.Sprint2.Task1.V26.Test.csproj", "{04B1B715-2E3C-450F-B0A7-469A9A606415}"
EndProject
Project("{2150E333-8FDC-42A3-9474-1A3956D46DE8}") = "Task2", "Task2", "{0F7885E4-6E05-4F44-BA5E-80452EBC1340}"
EndProject
Project("{FAE04EC0-301F-11D3-BF4B-00C04F79EFBC}") = "Tyuiu.KuharonakSV.Sprint2.Task2.V17", "Tyuiu.KuharonakSV.Sprint2.Task2.V17\Tyuiu.KuharonakSV.Sprint2.Task2.V17.csproj", "{5406A35C-DD78-40FA-AE3C-A9DDC1F29826}"
EndProject
Project("{FAE04EC0-301F-11D3-BF4B-00C04F79EFBC}") = "Tyuiu.KuharonakSV.Sprint2.Task2.V17.Lib", "Tyuiu.KuharonakSV.Sprint2.Task2.V17.Lib\Tyuiu.KuharonakSV.Sprint2.Task2.V17.Lib.csproj", "{021FBD52-AD1E-48A4-8989-E0B460946B2B}"
EndProject
Project("{FAE04EC0-301F-11D3-BF4B-00C04F79EFBC}") = "Tyuiu.KuharonakSV.Sprint2.Task2.V17.Test", "Tyuiu.KuharonakSV.Sprint2.Task2.V17.Test\Tyuiu.KuharonakSV.Sprint2.Task2.V17.Test.csproj", "{929DC0CA-92AE-4E7B-8E72-43A15B2B9A68}"
EndProject
Project("{2150E333-8FDC-42A3-9474-1A3956D46DE8}") = "Task3", "Task3", "{2EA46FBF-AA88-4CD1-99DF-F428A25E2BEE}"
EndProject
Project("{FAE04EC0-301F-11D3-BF4B-00C04F79EFBC}") = "Tyuiu.KuharonakSV.Sprint2.Task3.V25", "Tyuiu.KuharonakSV.Sprint2.Task3.V25\Tyuiu.KuharonakSV.Sprint2.Task3.V25.csproj", "{05435F5F-07BF-4105-AD82-3493700E09F5}"
EndProject
Project("{FAE04EC0-301F-11D3-BF4B-00C04F79EFBC}") = "Tyuiu.KuharonakSV.Sprint2.Task3.V25.Lib", "Tyuiu.KuharonakSV.Sprint2.Task3.V25.Lib\Tyuiu.KuharonakSV.Sprint2.Task3.V25.Lib.csproj", "{F4B53263-6501-4144-B2FE-73FB26500674}"
EndProject
Project("{FAE04EC0-301F-11D3-BF4B-00C04F79EFBC}") = "Tyuiu.KuharonakSV.Sprint2.Task3.V25.Test", "Tyuiu.KuharonakSV.Sprint2.Task3.V25.Test\Tyuiu.KuharonakSV.Sprint2.Task3.V25.Test.csproj", "{0A027CE4-B668-4276-B491-C65873718A1A}"
EndProject
Project("{2150E333-8FDC-42A3-9474-1A3956D46DE8}") = "Task4", "Task4", "{EB32CD77-B65D-47AB-8B86-6BDB51757F56}"
EndProject
Project("{FAE04EC0-301F-11D3-BF4B-00C04F79EFBC}") = "Tyuiu.KuharonakSV.Sprint2.Task4.V23", "Tyuiu.KuharonakSV.Sprint2.Task4.V23\Tyuiu.KuharonakSV.Sprint2.Task4.V23.csproj", "{97205BB2-550C-4FC7-9B7E-D59FDFF25B7A}"
EndProject
Project("{FAE04EC0-301F-11D3-BF4B-00C04F79EFBC}") = "Tyuiu.KuharonakSV.Sprint2.Task4.V23.Lib", "Tyuiu.KuharonakSV.Sprint2.Task4.V23.Lib\Tyuiu.KuharonakSV.Sprint2.Task4.V23.Lib.csproj", "{07BA8603-799B-44B3-8F81-A4FAB46478CD}"
EndProject
Project("{FAE04EC0-301F-11D3-BF4B-00C04F79EFBC}") = "Tyuiu.KuharonakSV.Sprint2.Task4.V23.Test", "Tyuiu.KuharonakSV.Sprint2.Task4.V23.Test\Tyuiu.KuharonakSV.Sprint2.Task4.V23.Test.csproj", "{FBA0F274-5AF2-4B8B-B789-1B497E675189}"
EndProject
Global
	GlobalSection(SolutionConfigurationPlatforms) = preSolution
		Debug|Any CPU = Debug|Any CPU
		Release|Any CPU = Release|Any CPU
	EndGlobalSection
	GlobalSection(ProjectConfigurationPlatforms) = postSolution
		{316C5E61-EE0D-408A-8305-E544BEAF0F84}.Debug|Any CPU.ActiveCfg = Debug|Any CPU
		{316C5E61-EE0D-408A-8305-E544BEAF0F84}.Debug|Any CPU.Build.0 = Debug|Any CPU
		{316C5E61-EE0D-408A-8305-E544BEAF0F84}.Release|Any CPU.ActiveCfg = Release|Any CPU
		{316C5E61-EE0D-408A-8305-E544BEAF0F84}.Release|Any CPU.Build.0 = Release|Any CPU
		{950606CD-3C24-4C26-B9E5-E7102BCD96EA}.Debug|Any CPU.ActiveCfg = Debug|Any CPU
		{950606CD-3C24-4C26-B9E5-E7102BCD96EA}.Debug|Any CPU.Build.0 = Debug|Any CPU
		{950606CD-3C24-4C26-B9E5-E7102BCD96EA}.Release|Any CPU.ActiveCfg = Release|Any CPU
		{950606CD-3C24-4C26-B9E5-E7102BCD96EA}.Release|Any CPU.Build.0 = Release|Any CPU
		{2B4A243A-6616-45AD-B5B8-1F1DCCB9A111}.Debug|Any CPU.ActiveCfg = Debug|Any CPU
		{2B4A243A-6616-45AD-B5B8-1F1DCCB9A111}.Debug|Any CPU.Build.0 = Debug|Any CPU
		{2B4A243A-6616-45AD-B5B8-1F1DCCB9A111}.Release|Any CPU.ActiveCfg = Release|Any CPU
		{2B4A243A-6616-45AD-B5B8-1F1DCCB9A111}.Release|Any CPU.Build.0 = Release|Any CPU
		{4DBB938E-BEBC-481A-9C9F-0C554219842F}.Debug|Any CPU.ActiveCfg = Debug|Any CPU
		{4DBB938E-BEBC-481A-9C9F-0C554219842F}.Debug|Any CPU.Build.0 = Debug|Any CPU
		{4DBB938E-BEBC-481A-9C9F-0C554219842F}.Release|Any CPU.ActiveCfg = Release|Any CPU
		{4DBB938E-BEBC-481A-9C9F-0C554219842F}.Release|Any CPU.Build.0 = Release|Any CPU
		{6BE65F91-0CF2-4CD8-8AC6-39A44D097B02}.Debug|Any CPU.ActiveCfg = Debug|Any CPU
		{6BE65F91-0CF2-4CD8-8AC6-39A44D097B02}.Debug|Any CPU.Build.0 = Debug|Any CPU
		{6BE65F91-0CF2-4CD8-8AC6-39A44D097B02}.Release|Any CPU.ActiveCfg = Release|Any CPU
		{6BE65F91-0CF2-4CD8-8AC6-39A44D097B02}.Release|Any CPU.Build.0 = Release|Any CPU
		{04B1B715-2E3C-450F-B0A7-469A9A606415}.Debug|Any CPU.ActiveCfg = Debug|Any CPU
		{04B1B715-2E3C-450F-B0A7-469A9A606415}.Debug|Any CPU.Build.0 = Debug|Any CPU
		{04B1B715-2E3C-450F-B0A7-469A9A606415}.Release|Any CPU.ActiveCfg = Release|Any CPU
		{04B1B715-2E3C-450F-B0A7-469A9A606415}.Release|Any CPU.Build.0 = Release|Any CPU
		{5406A35C-DD78-40FA-AE3C-A9DDC1F29826}.Debug|Any CPU.ActiveCfg = Debug|Any CPU
		{5406A35C-DD78-40FA-AE3C-A9DDC1F29826}.Debug|Any CPU.Build.0 = Debug|Any CPU
		{5406A35C-DD78-40FA-AE3C-A9DDC1F29826}.Release|Any CPU.ActiveCfg = Release|Any CPU
		{5406A35C-DD78-40FA-AE3C-A9DDC1F29826}.Release|Any CPU.Build.0 = Release|Any CPU
		{021FBD52-AD1E-48A4-8989-E0B460946B2B}.Debug|Any CPU.ActiveCfg = Debug|Any CPU
		{021FBD52-AD1E-48A4-8989-E0B460946B2B}.Debug|Any CPU.Build.0 = Debug|Any CPU
		{021FBD52-AD1E-48A4-8989-E0B460946B2B}.Release|Any CPU.ActiveCfg = Release|Any CPU
		{021FBD52-AD1E-48A4-8989-E0B460946B2B}.Release|Any CPU.Build.0 = Release|Any CPU
		{929DC0CA-92AE-4E7B-8E72-43A15B2B9A68}.Debug|Any CPU.ActiveCfg = Debug|Any CPU
		{929DC0CA-92AE-4E7B-8E72-43A15B2B9A68}.Debug|Any CPU.Build.0 = Debug|Any CPU
		{929DC0CA-92AE-4E7B-8E72-43A15B2B9A68}.Release|Any CPU.ActiveCfg = Release|Any CPU
		{929DC0CA-92AE-4E7B-8E72-43A15B2B9A68}.Release|Any CPU.Build.0 = Release|Any CPU
		{05435F5F-07BF-4105-AD82-3493700E09F5}.Debug|Any CPU.ActiveCfg = Debug|Any CPU
		{05435F5F-07BF-4105-AD82-3493700E09F5}.Debug|Any CPU.Build.0 = Debug|Any CPU
		{05435F5F-07BF-4105-AD82-3493700E09F5}.Release|Any CPU.ActiveCfg = Release|Any CPU
		{05435F5F-07BF-4105-AD82-3493700E09F5}.Release|Any CPU.Build.0 = Release|Any CPU
		{F4B53263-6501-4144-B2FE-73FB26500674}.Debug|Any CPU.ActiveCfg = Debug|Any CPU
		{F4B53263-6501-4144-B2FE-73FB26500674}.Debug|Any CPU.Build.0 = Debug|Any CPU
		{F4B53263-6501-4144-B2FE-73FB26500674}.Release|Any CPU.ActiveCfg = Release|Any CPU
		{F4B53263-6501-4144-B2FE-73FB26500674}.Release|Any CPU.Build.0 = Release|Any CPU
		{0A027CE4-B668-4276-B491-C65873718A1A}.Debug|Any CPU.ActiveCfg = Debug|Any CPU
		{0A027CE4-B668-4276-B491-C65873718A1A}.Debug|Any CPU.Build.0 = Debug|Any CPU
		{0A027CE4-B668-4276-B491-C65873718A1A}.Release|Any CPU.ActiveCfg = Release|Any CPU
		{0A027CE4-B668-4276-B491-C65873718A1A}.Release|Any CPU.Build.0 = Release|Any CPU
		{97205BB2-550C-4FC7-9B7E-D59FDFF25B7A}.Debug|Any CPU.ActiveCfg = Debug|Any CPU
		{97205BB2-550C-4FC7-9B7E-D59FDFF25B7A}.Debug|Any CPU.Build.0 = Debug|Any CPU
		{97205BB2-550C-4FC7-9B7E-D59FDFF25B7A}.Release|Any CPU.ActiveCfg = Release|Any CPU
		{97205BB2-550C-4FC7-9B7E-D59FDFF25B7A}.Release|Any CPU.Build.0 = Release|Any CPU
		{07BA8603-799B-44B3-8F81-A4FAB46478CD}.Debug|Any CPU.ActiveCfg = Debug|Any CPU
		{07BA8603-799B-44B3-8F81-A4FAB46478CD}.Debug|Any CPU.Build.0 = Debug|Any CPU
		{07BA8603-799B-44B3-8F81-A4FAB46478CD}.Release|Any CPU.ActiveCfg = Release|Any CPU
		{07BA8603-799B-44B3-8F81-A4FAB46478CD}.Release|Any CPU.Build.0 = Release|Any CPU
		{FBA0F274-5AF2-4B8B-B789-1B497E675189}.Debug|Any CPU.ActiveCfg = Debug|Any CPU
		{FBA0F274-5AF2-4B8B-B789-1B497E675189}.Debug|Any CPU.Build.0 = Debug|Any CPU
		{FBA0F274-5AF2-4B8B-B789-1B497E675189}.Release|Any CPU.ActiveCfg = Release|Any CPU
		{FBA0F274-5AF2-4B8B-B789-1B497E675189}.Release|Any CPU.Build.0 = Release|Any CPU
	EndGlobalSection
	GlobalSection(SolutionProperties) = preSolution
		HideSolutionNode = FALSE
	EndGlobalSection
	GlobalSection(NestedProjects) = preSolution
		{316C5E61-EE0D-408A-8305-E544BEAF0F84} = {02EA681E-C7D8-13C7-8484-4AC65E1B71E8}
		{950606CD-3C24-4C26-B9E5-E7102BCD96EA} = {02EA681E-C7D8-13C7-8484-4AC65E1B71E8}
		{2B4A243A-6616-45AD-B5B8-1F1DCCB9A111} = {02EA681E-C7D8-13C7-8484-4AC65E1B71E8}
		{4DBB938E-BEBC-481A-9C9F-0C554219842F} = {B770431E-C843-442D-AE2B-15C4776FAB13}
		{6BE65F91-0CF2-4CD8-8AC6-39A44D097B02} = {B770431E-C843-442D-AE2B-15C4776FAB13}
		{04B1B715-2E3C-450F-B0A7-469A9A606415} = {B770431E-C843-442D-AE2B-15C4776FAB13}
		{5406A35C-DD78-40FA-AE3C-A9DDC1F29826} = {0F7885E4-6E05-4F44-BA5E-80452EBC1340}
		{021FBD52-AD1E-48A4-8989-E0B460946B2B} = {0F7885E4-6E05-4F44-BA5E-80452EBC1340}
		{929DC0CA-92AE-4E7B-8E72-43A15B2B9A68} = {0F7885E4-6E05-4F44-BA5E-80452EBC1340}
		{05435F5F-07BF-4105-AD82-3493700E09F5} = {2EA46FBF-AA88-4CD1-99DF-F428A25E2BEE}
		{F4B53263-6501-4144-B2FE-73FB26500674} = {2EA46FBF-AA88-4CD1-99DF-F428A25E2BEE}
		{0A027CE4-B668-4276-B491-C65873718A1A} = {2EA46FBF-AA88-4CD1-99DF-F428A25E2BEE}
		{97205BB2-550C-4FC7-9B7E-D59FDFF25B7A} = {EB32CD77-B65D-47AB-8B86-6BDB51757F56}
		{07BA8603-799B-44B3-8F81-A4FAB46478CD} = {EB32CD77-B65D-47AB-8B86-6BDB51757F56}
		{FBA0F274-5AF2-4B8B-B789-1B497E675189} = {EB32CD77-B65D-47AB-8B86-6BDB51757F56}
	EndGlobalSection
	GlobalSection(ExtensibilityGlobals) = postSolution
		SolutionGuid = {B30F2BB3-DF25-4AF6-9AC0-4A07DBAF39AE}
	EndGlobalSection
EndGlobal
