
Microsoft Visual Studio Solution File, Format Version 12.00
# Visual Studio Version 17
VisualStudioVersion = 17.14.36518.9 d17.14
MinimumVisualStudioVersion = 10.0.40219.1
Project("{2150E333-8FDC-42A3-9474-1A3956D46DE8}") = "Task0", "Task0", "{02EA681E-C7D8-13C7-8484-4AC65E1B71E8}"
EndProject
Project("{FAE04EC0-301F-11D3-BF4B-00C04F79EFBC}") = "Tyuiu.KuharonakSV.Sprint2.Task0.V16", "Tyuiu.KuharonakSV.Sprint2.Task0.V16\Tyuiu.KuharonakSV.Sprint2.Task0.V16.csproj", "{E7567FA6-0502-49C2-A4D4-7E7E7580E745}"
EndProject
Project("{FAE04EC0-301F-11D3-BF4B-00C04F79EFBC}") = "Tyuiu.KuharonakSV.Sprint2.Task0.V16.Lib", "Tyuiu.KuharonakSV.Sprint2.Task0.V16.Lib\Tyuiu.KuharonakSV.Sprint2.Task0.V16.Lib.csproj", "{CC9706C9-6069-45F8-8CCF-B2E6C5BF6EAC}"
EndProject
Project("{FAE04EC0-301F-11D3-BF4B-00C04F79EFBC}") = "Tyuiu.KuharonakSV.Sprint2.Task0.V16.Test", "Tyuiu.KuharonakSV.Sprint2.Task0.V16.Test\Tyuiu.KuharonakSV.Sprint2.Task0.V16.Test.csproj", "{ADC4B3E9-344D-4BC3-9922-3722AD000CAD}"
EndProject
Global
	GlobalSection(SolutionConfigurationPlatforms) = preSolution
		Debug|Any CPU = Debug|Any CPU
		Release|Any CPU = Release|Any CPU
	EndGlobalSection
	GlobalSection(ProjectConfigurationPlatforms) = postSolution
		{E7567FA6-0502-49C2-A4D4-7E7E7580E745}.Debug|Any CPU.ActiveCfg = Debug|Any CPU
		{E7567FA6-0502-49C2-A4D4-7E7E7580E745}.Debug|Any CPU.Build.0 = Debug|Any CPU
		{E7567FA6-0502-49C2-A4D4-7E7E7580E745}.Release|Any CPU.ActiveCfg = Release|Any CPU
		{E7567FA6-0502-49C2-A4D4-7E7E7580E745}.Release|Any CPU.Build.0 = Release|Any CPU
		{CC9706C9-6069-45F8-8CCF-B2E6C5BF6EAC}.Debug|Any CPU.ActiveCfg = Debug|Any CPU
		{CC9706C9-6069-45F8-8CCF-B2E6C5BF6EAC}.Debug|Any CPU.Build.0 = Debug|Any CPU
		{CC9706C9-6069-45F8-8CCF-B2E6C5BF6EAC}.Release|Any CPU.ActiveCfg = Release|Any CPU
		{CC9706C9-6069-45F8-8CCF-B2E6C5BF6EAC}.Release|Any CPU.Build.0 = Release|Any CPU
		{ADC4B3E9-344D-4BC3-9922-3722AD000CAD}.Debug|Any CPU.ActiveCfg = Debug|Any CPU
		{ADC4B3E9-344D-4BC3-9922-3722AD000CAD}.Debug|Any CPU.Build.0 = Debug|Any CPU
		{ADC4B3E9-344D-4BC3-9922-3722AD000CAD}.Release|Any CPU.ActiveCfg = Release|Any CPU
		{ADC4B3E9-344D-4BC3-9922-3722AD000CAD}.Release|Any CPU.Build.0 = Release|Any CPU
	EndGlobalSection
	GlobalSection(SolutionProperties) = preSolution
		HideSolutionNode = FALSE
	EndGlobalSection
	GlobalSection(NestedProjects) = preSolution
		{E7567FA6-0502-49C2-A4D4-7E7E7580E745} = {02EA681E-C7D8-13C7-8484-4AC65E1B71E8}
		{CC9706C9-6069-45F8-8CCF-B2E6C5BF6EAC} = {02EA681E-C7D8-13C7-8484-4AC65E1B71E8}
		{ADC4B3E9-344D-4BC3-9922-3722AD000CAD} = {02EA681E-C7D8-13C7-8484-4AC65E1B71E8}
	EndGlobalSection
	GlobalSection(ExtensibilityGlobals) = postSolution
		SolutionGuid = {1DB53F3C-6DE4-43D5-A1B6-1678BE6FC64C}
	EndGlobalSection
EndGlobal
